// !$*UTF8*$!
{
	archiveVersion = 1;
	classes = {
	};
	objectVersion = 56;
	objects = {

/* Begin PBXBuildFile section */
		61155D3129E827B100FBFD4E /* Waveform in Frameworks */ = {isa = PBXBuildFile; productRef = 61155D3029E827B100FBFD4E /* Waveform */; };
		61155D3429E82B9600FBFD4E /* DSWaveformImage in Frameworks */ = {isa = PBXBuildFile; productRef = 61155D3329E82B9600FBFD4E /* DSWaveformImage */; };
		61155D3629E82B9600FBFD4E /* DSWaveformImageViews in Frameworks */ = {isa = PBXBuildFile; productRef = 61155D3529E82B9600FBFD4E /* DSWaveformImageViews */; };
		614A118429E6B1D700F21BAE /* ListView.swift in Sources */ = {isa = PBXBuildFile; fileRef = 614A118329E6B1D700F21BAE /* ListView.swift */; };
		614A118629E6B1E600F21BAE /* Manager.swift in Sources */ = {isa = PBXBuildFile; fileRef = 614A118529E6B1E600F21BAE /* Manager.swift */; };
		614A118829E6BAF700F21BAE /* Settings.swift in Sources */ = {isa = PBXBuildFile; fileRef = 614A118729E6BAF700F21BAE /* Settings.swift */; };
		614A118A29E6BB8600F21BAE /* SettingsView.swift in Sources */ = {isa = PBXBuildFile; fileRef = 614A118929E6BB8600F21BAE /* SettingsView.swift */; };
		61D08B7B29E5C7B3000789F2 /* AIVoiceApp.swift in Sources */ = {isa = PBXBuildFile; fileRef = 61D08B7A29E5C7B3000789F2 /* AIVoiceApp.swift */; };
		61D08B7D29E5C7B3000789F2 /* ContentView.swift in Sources */ = {isa = PBXBuildFile; fileRef = 61D08B7C29E5C7B3000789F2 /* ContentView.swift */; };
		61D08B7F29E5C7B4000789F2 /* Assets.xcassets in Resources */ = {isa = PBXBuildFile; fileRef = 61D08B7E29E5C7B4000789F2 /* Assets.xcassets */; };
		61D08B8229E5C7B4000789F2 /* Preview Assets.xcassets in Resources */ = {isa = PBXBuildFile; fileRef = 61D08B8129E5C7B4000789F2 /* Preview Assets.xcassets */; };
		61D08B8929E5C8B5000789F2 /* ViewModels.swift in Sources */ = {isa = PBXBuildFile; fileRef = 61D08B8829E5C8B5000789F2 /* ViewModels.swift */; };
		61D08B8B29E69A47000789F2 /* AudioPlayerView.swift in Sources */ = {isa = PBXBuildFile; fileRef = 61D08B8A29E69A47000789F2 /* AudioPlayerView.swift */; };
		61D08B8D29E69AEC000789F2 /* AudioPlayer.swift in Sources */ = {isa = PBXBuildFile; fileRef = 61D08B8C29E69AEC000789F2 /* AudioPlayer.swift */; };
/* End PBXBuildFile section */

/* Begin PBXFileReference section */
		614A118329E6B1D700F21BAE /* ListView.swift */ = {isa = PBXFileReference; lastKnownFileType = sourcecode.swift; path = ListView.swift; sourceTree = "<group>"; };
		614A118529E6B1E600F21BAE /* Manager.swift */ = {isa = PBXFileReference; lastKnownFileType = sourcecode.swift; path = Manager.swift; sourceTree = "<group>"; };
		614A118729E6BAF700F21BAE /* Settings.swift */ = {isa = PBXFileReference; lastKnownFileType = sourcecode.swift; path = Settings.swift; sourceTree = "<group>"; };
		614A118929E6BB8600F21BAE /* SettingsView.swift */ = {isa = PBXFileReference; lastKnownFileType = sourcecode.swift; path = SettingsView.swift; sourceTree = "<group>"; };
		61D08B7729E5C7B3000789F2 /* AIVoice.app */ = {isa = PBXFileReference; explicitFileType = wrapper.application; includeInIndex = 0; path = AIVoice.app; sourceTree = BUILT_PRODUCTS_DIR; };
		61D08B7A29E5C7B3000789F2 /* AIVoiceApp.swift */ = {isa = PBXFileReference; lastKnownFileType = sourcecode.swift; path = AIVoiceApp.swift; sourceTree = "<group>"; };
		61D08B7C29E5C7B3000789F2 /* ContentView.swift */ = {isa = PBXFileReference; lastKnownFileType = sourcecode.swift; path = ContentView.swift; sourceTree = "<group>"; };
		61D08B7E29E5C7B4000789F2 /* Assets.xcassets */ = {isa = PBXFileReference; lastKnownFileType = folder.assetcatalog; path = Assets.xcassets; sourceTree = "<group>"; };
		61D08B8129E5C7B4000789F2 /* Preview Assets.xcassets */ = {isa = PBXFileReference; lastKnownFileType = folder.assetcatalog; path = "Preview Assets.xcassets"; sourceTree = "<group>"; };
		61D08B8829E5C8B5000789F2 /* ViewModels.swift */ = {isa = PBXFileReference; lastKnownFileType = sourcecode.swift; path = ViewModels.swift; sourceTree = "<group>"; };
		61D08B8A29E69A47000789F2 /* AudioPlayerView.swift */ = {isa = PBXFileReference; lastKnownFileType = sourcecode.swift; path = AudioPlayerView.swift; sourceTree = "<group>"; };
		61D08B8C29E69AEC000789F2 /* AudioPlayer.swift */ = {isa = PBXFileReference; lastKnownFileType = sourcecode.swift; path = AudioPlayer.swift; sourceTree = "<group>"; };
/* End PBXFileReference section */

/* Begin PBXFrameworksBuildPhase section */
		61D08B7429E5C7B3000789F2 /* Frameworks */ = {
			isa = PBXFrameworksBuildPhase;
			buildActionMask = 2147483647;
			files = (
				61155D3629E82B9600FBFD4E /* DSWaveformImageViews in Frameworks */,
				61155D3429E82B9600FBFD4E /* DSWaveformImage in Frameworks */,
				61155D3129E827B100FBFD4E /* Waveform in Frameworks */,
			);
			runOnlyForDeploymentPostprocessing = 0;
		};
/* End PBXFrameworksBuildPhase section */

/* Begin PBXGroup section */
		61D08B6E29E5C7B3000789F2 = {
			isa = PBXGroup;
			children = (
				61D08B7929E5C7B3000789F2 /* AIVoice */,
				61D08B7829E5C7B3000789F2 /* Products */,
			);
			sourceTree = "<group>";
		};
		61D08B7829E5C7B3000789F2 /* Products */ = {
			isa = PBXGroup;
			children = (
				61D08B7729E5C7B3000789F2 /* AIVoice.app */,
			);
			name = Products;
			sourceTree = "<group>";
		};
		61D08B7929E5C7B3000789F2 /* AIVoice */ = {
			isa = PBXGroup;
			children = (
				61D08B7A29E5C7B3000789F2 /* AIVoiceApp.swift */,
				61D08B7C29E5C7B3000789F2 /* ContentView.swift */,
				614A118329E6B1D700F21BAE /* ListView.swift */,
				61D08B8C29E69AEC000789F2 /* AudioPlayer.swift */,
				614A118929E6BB8600F21BAE /* SettingsView.swift */,
				614A118529E6B1E600F21BAE /* Manager.swift */,
				614A118729E6BAF700F21BAE /* Settings.swift */,
				61D08B8829E5C8B5000789F2 /* ViewModels.swift */,
				61D08B8A29E69A47000789F2 /* AudioPlayerView.swift */,
				61D08B7E29E5C7B4000789F2 /* Assets.xcassets */,
				61D08B8029E5C7B4000789F2 /* Preview Content */,
			);
			path = AIVoice;
			sourceTree = "<group>";
		};
		61D08B8029E5C7B4000789F2 /* Preview Content */ = {
			isa = PBXGroup;
			children = (
				61D08B8129E5C7B4000789F2 /* Preview Assets.xcassets */,
			);
			path = "Preview Content";
			sourceTree = "<group>";
		};
/* End PBXGroup section */

/* Begin PBXNativeTarget section */
		61D08B7629E5C7B3000789F2 /* AIVoice */ = {
			isa = PBXNativeTarget;
			buildConfigurationList = 61D08B8529E5C7B4000789F2 /* Build configuration list for PBXNativeTarget "AIVoice" */;
			buildPhases = (
				61D08B7329E5C7B3000789F2 /* Sources */,
				61D08B7429E5C7B3000789F2 /* Frameworks */,
				61D08B7529E5C7B3000789F2 /* Resources */,
			);
			buildRules = (
			);
			dependencies = (
			);
			name = AIVoice;
			packageProductDependencies = (
				61155D3029E827B100FBFD4E /* Waveform */,
				61155D3329E82B9600FBFD4E /* DSWaveformImage */,
				61155D3529E82B9600FBFD4E /* DSWaveformImageViews */,
			);
			productName = AIVoice;
			productReference = 61D08B7729E5C7B3000789F2 /* AIVoice.app */;
			productType = "com.apple.product-type.application";
		};
/* End PBXNativeTarget section */

/* Begin PBXProject section */
		61D08B6F29E5C7B3000789F2 /* Project object */ = {
			isa = PBXProject;
			attributes = {
				BuildIndependentTargetsInParallel = 1;
				LastSwiftUpdateCheck = 1430;
				LastUpgradeCheck = 1430;
				TargetAttributes = {
					61D08B7629E5C7B3000789F2 = {
						CreatedOnToolsVersion = 14.3;
					};
				};
			};
			buildConfigurationList = 61D08B7229E5C7B3000789F2 /* Build configuration list for PBXProject "AIVoice" */;
			compatibilityVersion = "Xcode 14.0";
			developmentRegion = en;
			hasScannedForEncodings = 0;
			knownRegions = (
				en,
				Base,
			);
			mainGroup = 61D08B6E29E5C7B3000789F2;
			packageReferences = (
				61155D2F29E827B100FBFD4E /* XCRemoteSwiftPackageReference "Waveform" */,
				61155D3229E82B9600FBFD4E /* XCRemoteSwiftPackageReference "DSWaveformImage" */,
			);
			productRefGroup = 61D08B7829E5C7B3000789F2 /* Products */;
			projectDirPath = "";
			projectRoot = "";
			targets = (
				61D08B7629E5C7B3000789F2 /* AIVoice */,
			);
		};
/* End PBXProject section */

/* Begin PBXResourcesBuildPhase section */
		61D08B7529E5C7B3000789F2 /* Resources */ = {
			isa = PBXResourcesBuildPhase;
			buildActionMask = 2147483647;
			files = (
				61D08B8229E5C7B4000789F2 /* Preview Assets.xcassets in Resources */,
				61D08B7F29E5C7B4000789F2 /* Assets.xcassets in Resources */,
			);
			runOnlyForDeploymentPostprocessing = 0;
		};
/* End PBXResourcesBuildPhase section */

/* Begin PBXSourcesBuildPhase section */
		61D08B7329E5C7B3000789F2 /* Sources */ = {
			isa = PBXSourcesBuildPhase;
			buildActionMask = 2147483647;
			files = (
				61D08B8929E5C8B5000789F2 /* ViewModels.swift in Sources */,
				61D08B7D29E5C7B3000789F2 /* ContentView.swift in Sources */,
				614A118829E6BAF700F21BAE /* Settings.swift in Sources */,
				614A118A29E6BB8600F21BAE /* SettingsView.swift in Sources */,
				614A118429E6B1D700F21BAE /* ListView.swift in Sources */,
				614A118629E6B1E600F21BAE /* Manager.swift in Sources */,
				61D08B8D29E69AEC000789F2 /* AudioPlayer.swift in Sources */,
				61D08B8B29E69A47000789F2 /* AudioPlayerView.swift in Sources */,
				61D08B7B29E5C7B3000789F2 /* AIVoiceApp.swift in Sources */,
			);
			runOnlyForDeploymentPostprocessing = 0;
		};
/* End PBXSourcesBuildPhase section */

/* Begin XCBuildConfiguration section */
		61D08B8329E5C7B4000789F2 /* Debug */ = {
			isa = XCBuildConfiguration;
			buildSettings = {
				ALWAYS_SEARCH_USER_PATHS = NO;
				CLANG_ANALYZER_NONNULL = YES;
				CLANG_ANALYZER_NUMBER_OBJECT_CONVERSION = YES_AGGRESSIVE;
				CLANG_CXX_LANGUAGE_STANDARD = "gnu++20";
				CLANG_ENABLE_MODULES = YES;
				CLANG_ENABLE_OBJC_ARC = YES;
				CLANG_ENABLE_OBJC_WEAK = YES;
				CLANG_WARN_BLOCK_CAPTURE_AUTORELEASING = YES;
				CLANG_WARN_BOOL_CONVERSION = YES;
				CLANG_WARN_COMMA = YES;
				CLANG_WARN_CONSTANT_CONVERSION = YES;
				CLANG_WARN_DEPRECATED_OBJC_IMPLEMENTATIONS = YES;
				CLANG_WARN_DIRECT_OBJC_ISA_USAGE = YES_ERROR;
				CLANG_WARN_DOCUMENTATION_COMMENTS = YES;
				CLANG_WARN_EMPTY_BODY = YES;
				CLANG_WARN_ENUM_CONVERSION = YES;
				CLANG_WARN_INFINITE_RECURSION = YES;
				CLANG_WARN_INT_CONVERSION = YES;
				CLANG_WARN_NON_LITERAL_NULL_CONVERSION = YES;
				CLANG_WARN_OBJC_IMPLICIT_RETAIN_SELF = YES;
				CLANG_WARN_OBJC_LITERAL_CONVERSION = YES;
				CLANG_WARN_OBJC_ROOT_CLASS = YES_ERROR;
				CLANG_WARN_QUOTED_INCLUDE_IN_FRAMEWORK_HEADER = YES;
				CLANG_WARN_RANGE_LOOP_ANALYSIS = YES;
				CLANG_WARN_STRICT_PROTOTYPES = YES;
				CLANG_WARN_SUSPICIOUS_MOVE = YES;
				CLANG_WARN_UNGUARDED_AVAILABILITY = YES_AGGRESSIVE;
				CLANG_WARN_UNREACHABLE_CODE = YES;
				CLANG_WARN__DUPLICATE_METHOD_MATCH = YES;
				COPY_PHASE_STRIP = NO;
				DEBUG_INFORMATION_FORMAT = dwarf;
				ENABLE_STRICT_OBJC_MSGSEND = YES;
				ENABLE_TESTABILITY = YES;
				GCC_C_LANGUAGE_STANDARD = gnu11;
				GCC_DYNAMIC_NO_PIC = NO;
				GCC_NO_COMMON_BLOCKS = YES;
				GCC_OPTIMIZATION_LEVEL = 0;
				GCC_PREPROCESSOR_DEFINITIONS = (
					"DEBUG=1",
					"$(inherited)",
				);
				GCC_WARN_64_TO_32_BIT_CONVERSION = YES;
				GCC_WARN_ABOUT_RETURN_TYPE = YES_ERROR;
				GCC_WARN_UNDECLARED_SELECTOR = YES;
				GCC_WARN_UNINITIALIZED_AUTOS = YES_AGGRESSIVE;
				GCC_WARN_UNUSED_FUNCTION = YES;
				GCC_WARN_UNUSED_VARIABLE = YES;
				IPHONEOS_DEPLOYMENT_TARGET = 16.4;
				MTL_ENABLE_DEBUG_INFO = INCLUDE_SOURCE;
				MTL_FAST_MATH = YES;
				ONLY_ACTIVE_ARCH = YES;
				SDKROOT = iphoneos;
				SWIFT_ACTIVE_COMPILATION_CONDITIONS = DEBUG;
				SWIFT_OPTIMIZATION_LEVEL = "-Onone";
			};
			name = Debug;
		};
		61D08B8429E5C7B4000789F2 /* Release */ = {
			isa = XCBuildConfiguration;
			buildSettings = {
				ALWAYS_SEARCH_USER_PATHS = NO;
				CLANG_ANALYZER_NONNULL = YES;
				CLANG_ANALYZER_NUMBER_OBJECT_CONVERSION = YES_AGGRESSIVE;
				CLANG_CXX_LANGUAGE_STANDARD = "gnu++20";
				CLANG_ENABLE_MODULES = YES;
				CLANG_ENABLE_OBJC_ARC = YES;
				CLANG_ENABLE_OBJC_WEAK = YES;
				CLANG_WARN_BLOCK_CAPTURE_AUTORELEASING = YES;
				CLANG_WARN_BOOL_CONVERSION = YES;
				CLANG_WARN_COMMA = YES;
				CLANG_WARN_CONSTANT_CONVERSION = YES;
				CLANG_WARN_DEPRECATED_OBJC_IMPLEMENTATIONS = YES;
				CLANG_WARN_DIRECT_OBJC_ISA_USAGE = YES_ERROR;
				CLANG_WARN_DOCUMENTATION_COMMENTS = YES;
				CLANG_WARN_EMPTY_BODY = YES;
				CLANG_WARN_ENUM_CONVERSION = YES;
				CLANG_WARN_INFINITE_RECURSION = YES;
				CLANG_WARN_INT_CONVERSION = YES;
				CLANG_WARN_NON_LITERAL_NULL_CONVERSION = YES;
				CLANG_WARN_OBJC_IMPLICIT_RETAIN_SELF = YES;
				CLANG_WARN_OBJC_LITERAL_CONVERSION = YES;
				CLANG_WARN_OBJC_ROOT_CLASS = YES_ERROR;
				CLANG_WARN_QUOTED_INCLUDE_IN_FRAMEWORK_HEADER = YES;
				CLANG_WARN_RANGE_LOOP_ANALYSIS = YES;
				CLANG_WARN_STRICT_PROTOTYPES = YES;
				CLANG_WARN_SUSPICIOUS_MOVE = YES;
				CLANG_WARN_UNGUARDED_AVAILABILITY = YES_AGGRESSIVE;
				CLANG_WARN_UNREACHABLE_CODE = YES;
				CLANG_WARN__DUPLICATE_METHOD_MATCH = YES;
				COPY_PHASE_STRIP = NO;
				DEBUG_INFORMATION_FORMAT = "dwarf-with-dsym";
				ENABLE_NS_ASSERTIONS = NO;
				ENABLE_STRICT_OBJC_MSGSEND = YES;
				GCC_C_LANGUAGE_STANDARD = gnu11;
				GCC_NO_COMMON_BLOCKS = YES;
				GCC_WARN_64_TO_32_BIT_CONVERSION = YES;
				GCC_WARN_ABOUT_RETURN_TYPE = YES_ERROR;
				GCC_WARN_UNDECLARED_SELECTOR = YES;
				GCC_WARN_UNINITIALIZED_AUTOS = YES_AGGRESSIVE;
				GCC_WARN_UNUSED_FUNCTION = YES;
				GCC_WARN_UNUSED_VARIABLE = YES;
				IPHONEOS_DEPLOYMENT_TARGET = 16.4;
				MTL_ENABLE_DEBUG_INFO = NO;
				MTL_FAST_MATH = YES;
				SDKROOT = iphoneos;
				SWIFT_COMPILATION_MODE = wholemodule;
				SWIFT_OPTIMIZATION_LEVEL = "-O";
				VALIDATE_PRODUCT = YES;
			};
			name = Release;
		};
		61D08B8629E5C7B4000789F2 /* Debug */ = {
			isa = XCBuildConfiguration;
			buildSettings = {
				ASSETCATALOG_COMPILER_APPICON_NAME = AppIcon;
				ASSETCATALOG_COMPILER_GLOBAL_ACCENT_COLOR_NAME = AccentColor;
				CODE_SIGN_STYLE = Automatic;
				CURRENT_PROJECT_VERSION = 2;
				DEVELOPMENT_ASSET_PATHS = "\"AIVoice/Preview Content\"";
				DEVELOPMENT_TEAM = 99CC62WXQ9;
				ENABLE_PREVIEWS = YES;
				GENERATE_INFOPLIST_FILE = YES;
				INFOPLIST_KEY_UIApplicationSceneManifest_Generation = YES;
				INFOPLIST_KEY_UIApplicationSupportsIndirectInputEvents = YES;
				INFOPLIST_KEY_UILaunchScreen_Generation = YES;
				INFOPLIST_KEY_UISupportedInterfaceOrientations_iPad = "UIInterfaceOrientationPortrait UIInterfaceOrientationPortraitUpsideDown UIInterfaceOrientationLandscapeLeft UIInterfaceOrientationLandscapeRight";
				INFOPLIST_KEY_UISupportedInterfaceOrientations_iPhone = "UIInterfaceOrientationPortrait UIInterfaceOrientationLandscapeLeft UIInterfaceOrientationLandscapeRight";
				LD_RUNPATH_SEARCH_PATHS = (
					"$(inherited)",
					"@executable_path/Frameworks",
				);
				MARKETING_VERSION = 1.0;
				PRODUCT_BUNDLE_IDENTIFIER = cool.de.activecoding.AIVoice;
				PRODUCT_NAME = "$(TARGET_NAME)";
				SWIFT_EMIT_LOC_STRINGS = YES;
				SWIFT_VERSION = 5.0;
				TARGETED_DEVICE_FAMILY = "1,2";
			};
			name = Debug;
		};
		61D08B8729E5C7B4000789F2 /* Release */ = {
			isa = XCBuildConfiguration;
			buildSettings = {
				ASSETCATALOG_COMPILER_APPICON_NAME = AppIcon;
				ASSETCATALOG_COMPILER_GLOBAL_ACCENT_COLOR_NAME = AccentColor;
				CODE_SIGN_STYLE = Automatic;
				CURRENT_PROJECT_VERSION = 2;
				DEVELOPMENT_ASSET_PATHS = "\"AIVoice/Preview Content\"";
				DEVELOPMENT_TEAM = 99CC62WXQ9;
				ENABLE_PREVIEWS = YES;
				GENERATE_INFOPLIST_FILE = YES;
				INFOPLIST_KEY_UIApplicationSceneManifest_Generation = YES;
				INFOPLIST_KEY_UIApplicationSupportsIndirectInputEvents = YES;
				INFOPLIST_KEY_UILaunchScreen_Generation = YES;
				INFOPLIST_KEY_UISupportedInterfaceOrientations_iPad = "UIInterfaceOrientationPortrait UIInterfaceOrientationPortraitUpsideDown UIInterfaceOrientationLandscapeLeft UIInterfaceOrientationLandscapeRight";
				INFOPLIST_KEY_UISupportedInterfaceOrientations_iPhone = "UIInterfaceOrientationPortrait UIInterfaceOrientationLandscapeLeft UIInterfaceOrientationLandscapeRight";
				LD_RUNPATH_SEARCH_PATHS = (
					"$(inherited)",
					"@executable_path/Frameworks",
				);
				MARKETING_VERSION = 1.0;
				PRODUCT_BUNDLE_IDENTIFIER = cool.de.activecoding.AIVoice;
				PRODUCT_NAME = "$(TARGET_NAME)";
				SWIFT_EMIT_LOC_STRINGS = YES;
				SWIFT_VERSION = 5.0;
				TARGETED_DEVICE_FAMILY = "1,2";
			};
			name = Release;
		};
/* End XCBuildConfiguration section */

/* Begin XCConfigurationList section */
		61D08B7229E5C7B3000789F2 /* Build configuration list for PBXProject "AIVoice" */ = {
			isa = XCConfigurationList;
			buildConfigurations = (
				61D08B8329E5C7B4000789F2 /* Debug */,
				61D08B8429E5C7B4000789F2 /* Release */,
			);
			defaultConfigurationIsVisible = 0;
			defaultConfigurationName = Release;
		};
		61D08B8529E5C7B4000789F2 /* Build configuration list for PBXNativeTarget "AIVoice" */ = {
			isa = XCConfigurationList;
			buildConfigurations = (
				61D08B8629E5C7B4000789F2 /* Debug */,
				61D08B8729E5C7B4000789F2 /* Release */,
			);
			defaultConfigurationIsVisible = 0;
			defaultConfigurationName = Release;
		};
/* End XCConfigurationList section */

/* Begin XCRemoteSwiftPackageReference section */
		61155D2F29E827B100FBFD4E /* XCRemoteSwiftPackageReference "Waveform" */ = {
			isa = XCRemoteSwiftPackageReference;
			repositoryURL = "https://github.com/pixlwave/Waveform";
			requirement = {
				branch = main;
				kind = branch;
			};
		};
		61155D3229E82B9600FBFD4E /* XCRemoteSwiftPackageReference "DSWaveformImage" */ = {
			isa = XCRemoteSwiftPackageReference;
			repositoryURL = "https://github.com/dmrschmidt/DSWaveformImage.git";
			requirement = {
				kind = upToNextMajorVersion;
				minimumVersion = 12.0.0;
			};
		};
/* End XCRemoteSwiftPackageReference section */

/* Begin XCSwiftPackageProductDependency section */
		61155D3029E827B100FBFD4E /* Waveform */ = {
			isa = XCSwiftPackageProductDependency;
			package = 61155D2F29E827B100FBFD4E /* XCRemoteSwiftPackageReference "Waveform" */;
			productName = Waveform;
		};
		61155D3329E82B9600FBFD4E /* DSWaveformImage */ = {
			isa = XCSwiftPackageProductDependency;
			package = 61155D3229E82B9600FBFD4E /* XCRemoteSwiftPackageReference "DSWaveformImage" */;
			productName = DSWaveformImage;
		};
		61155D3529E82B9600FBFD4E /* DSWaveformImageViews */ = {
			isa = XCSwiftPackageProductDependency;
			package = 61155D3229E82B9600FBFD4E /* XCRemoteSwiftPackageReference "DSWaveformImage" */;
			productName = DSWaveformImageViews;
		};
/* End XCSwiftPackageProductDependency section */
	};
	rootObject = 61D08B6F29E5C7B3000789F2 /* Project object */;
}
